
Microsoft Visual Studio Solution File, Format Version 12.00
# Visual Studio Version 17
VisualStudioVersion = 17.2.32616.157
MinimumVisualStudioVersion = 10.0.40219.1
Project("{FAE04EC0-301F-11D3-BF4B-00C04F79EFBC}") = "login_islemleri", "login_islemleri\login_islemleri.csproj", "{98155D70-E265-40E1-AA42-BF599FE0342C}"
EndProject
Global
	GlobalSection(SolutionConfigurationPlatforms) = preSolution
		Debug|Any CPU = Debug|Any CPU
		Release|Any CPU = Release|Any CPU
	EndGlobalSection
	GlobalSection(ProjectConfigurationPlatforms) = postSolution
		{98155D70-E265-40E1-AA42-BF599FE0342C}.Debug|Any CPU.ActiveCfg = Debug|Any CPU
		{98155D70-E265-40E1-AA42-BF599FE0342C}.Debug|Any CPU.Build.0 = Debug|Any CPU
		{98155D70-E265-40E1-AA42-BF599FE0342C}.Release|Any CPU.ActiveCfg = Release|Any CPU
		{98155D70-E265-40E1-AA42-BF599FE0342C}.Release|Any CPU.Build.0 = Release|Any CPU
	EndGlobalSection
	GlobalSection(SolutionProperties) = preSolution
		HideSolutionNode = FALSE
	EndGlobalSection
	GlobalSection(ExtensibilityGlobals) = postSolution
		SolutionGuid = {A769C955-0323-4A9E-B973-AE7F6636756C}
	EndGlobalSection
EndGlobal
