
Microsoft Visual Studio Solution File, Format Version 12.00
# Visual Studio Version 17
VisualStudioVersion = 17.2.32616.157
MinimumVisualStudioVersion = 10.0.40219.1
Project("{FAE04EC0-301F-11D3-BF4B-00C04F79EFBC}") = "Korona Takip", "Korona Takip\Korona Takip.csproj", "{1E7B3E98-57BF-491C-A62D-60201A09733E}"
EndProject
Global
	GlobalSection(SolutionConfigurationPlatforms) = preSolution
		Debug|Any CPU = Debug|Any CPU
		Release|Any CPU = Release|Any CPU
	EndGlobalSection
	GlobalSection(ProjectConfigurationPlatforms) = postSolution
		{1E7B3E98-57BF-491C-A62D-60201A09733E}.Debug|Any CPU.ActiveCfg = Debug|Any CPU
		{1E7B3E98-57BF-491C-A62D-60201A09733E}.Debug|Any CPU.Build.0 = Debug|Any CPU
		{1E7B3E98-57BF-491C-A62D-60201A09733E}.Release|Any CPU.ActiveCfg = Release|Any CPU
		{1E7B3E98-57BF-491C-A62D-60201A09733E}.Release|Any CPU.Build.0 = Release|Any CPU
	EndGlobalSection
	GlobalSection(SolutionProperties) = preSolution
		HideSolutionNode = FALSE
	EndGlobalSection
	GlobalSection(ExtensibilityGlobals) = postSolution
		SolutionGuid = {59111947-C5CC-4651-8E7E-C9C72D70C4E1}
	EndGlobalSection
EndGlobal
