
Microsoft Visual Studio Solution File, Format Version 12.00
# Visual Studio Version 17
VisualStudioVersion = 17.2.32616.157
MinimumVisualStudioVersion = 10.0.40219.1
Project("{FAE04EC0-301F-11D3-BF4B-00C04F79EFBC}") = "Bankamatik", "Bankamatik\Bankamatik.csproj", "{A06DDB3F-760B-4C6B-B87A-C48F62618518}"
EndProject
Global
	GlobalSection(SolutionConfigurationPlatforms) = preSolution
		Debug|Any CPU = Debug|Any CPU
		Release|Any CPU = Release|Any CPU
	EndGlobalSection
	GlobalSection(ProjectConfigurationPlatforms) = postSolution
		{A06DDB3F-760B-4C6B-B87A-C48F62618518}.Debug|Any CPU.ActiveCfg = Debug|Any CPU
		{A06DDB3F-760B-4C6B-B87A-C48F62618518}.Debug|Any CPU.Build.0 = Debug|Any CPU
		{A06DDB3F-760B-4C6B-B87A-C48F62618518}.Release|Any CPU.ActiveCfg = Release|Any CPU
		{A06DDB3F-760B-4C6B-B87A-C48F62618518}.Release|Any CPU.Build.0 = Release|Any CPU
	EndGlobalSection
	GlobalSection(SolutionProperties) = preSolution
		HideSolutionNode = FALSE
	EndGlobalSection
	GlobalSection(ExtensibilityGlobals) = postSolution
		SolutionGuid = {33EC7D4C-4B8D-4291-B91B-9126307B650D}
	EndGlobalSection
EndGlobal
